{
  "nodes": {
    "crane": {
      "inputs": {
        "nixpkgs": [
          "edgedb",
          "nixpkgs"
        ]
      },
      "locked": {
        "lastModified": 1714864355,
        "narHash": "sha256-uXNW6bapWFfkYIkK1EagydSrFMqycOYEDSq75GmUpjk=",
        "owner": "ipetkov",
        "repo": "crane",
        "rev": "442a7a6152f49b907e73206dc8e1f46a61e8e873",
        "type": "github"
      },
      "original": {
        "owner": "ipetkov",
        "repo": "crane",
        "type": "github"
      }
    },
    "edgedb": {
      "inputs": {
        "crane": "crane",
        "fenix": [
          "fenix"
        ],
        "flake-parts": [
          "flake-parts"
        ],
        "nixpkgs": [
          "nixpkgs"
        ]
      },
      "locked": {
        "lastModified": 1730270645,
        "narHash": "sha256-/ShKBKso+DEFM2AYqmiJNT1ngP9/hIesnJlQmq+I6jk=",
        "owner": "edgedb",
        "repo": "packages-nix",
        "rev": "8b84b61569b0bd7389db6f4956c0067ccc18b92e",
        "type": "github"
      },
      "original": {
        "owner": "edgedb",
        "repo": "packages-nix",
        "type": "github"
      }
    },
    "fenix": {
      "inputs": {
        "nixpkgs": [
          "nixpkgs"
        ],
        "rust-analyzer-src": []
      },
      "locked": {
        "lastModified": 1730183653,
        "narHash": "sha256-dcJGcoDgNBxTagW8kECwBKsRBA1ZITtQ+p3N6KHg5ps=",
        "owner": "nix-community",
        "repo": "fenix",
        "rev": "dc19afc39af5f5e69fca78ebae59170e61017df8",
        "type": "github"
      },
      "original": {
        "owner": "nix-community",
        "repo": "fenix",
        "type": "github"
      }
    },
    "flake-parts": {
      "inputs": {
        "nixpkgs-lib": "nixpkgs-lib"
      },
      "locked": {
        "lastModified": 1727826117,
        "narHash": "sha256-K5ZLCyfO/Zj9mPFldf3iwS6oZStJcU4tSpiXTMYaaL0=",
        "owner": "hercules-ci",
        "repo": "flake-parts",
        "rev": "3d04084d54bedc3d6b8b736c70ef449225c361b1",
        "type": "github"
      },
      "original": {
        "owner": "hercules-ci",
        "repo": "flake-parts",
        "type": "github"
      }
    },
    "nixpkgs": {
      "locked": {
        "lastModified": 1730263663,
        "narHash": "sha256-6qkh67ScZi1Twp8s1e6df2TinQb0QQGwkDZBQZhSKW8=",
        "owner": "nixos",
        "repo": "nixpkgs",
        "rev": "bc6857069763f5721a53462eaf72016fafe002ff",
        "type": "github"
      },
      "original": {
        "owner": "nixos",
        "repo": "nixpkgs",
        "type": "github"
      }
    },
    "nixpkgs-lib": {
      "locked": {
        "lastModified": 1727825735,
        "narHash": "sha256-0xHYkMkeLVQAMa7gvkddbPqpxph+hDzdu1XdGPJR+Os=",
        "type": "tarball",
        "url": "https://github.com/NixOS/nixpkgs/archive/fb192fec7cc7a4c26d51779e9bab07ce6fa5597a.tar.gz"
      },
      "original": {
        "type": "tarball",
        "url": "https://github.com/NixOS/nixpkgs/archive/fb192fec7cc7a4c26d51779e9bab07ce6fa5597a.tar.gz"
      }
    },
    "root": {
      "inputs": {
        "edgedb": "edgedb",
        "fenix": "fenix",
        "flake-parts": "flake-parts",
        "nixpkgs": "nixpkgs"
      }
    }
  },
  "root": "root",
  "version": 7
}
